hash: cda3b9b76a4963ea17a6d17f863e6f676e835d87294901747236f3564f67e07f
updated: 2018-01-02T20:19:10.680497969Z
imports:
- name: github.com/drewsonne/go-gocd
  version: eda8abf4a0f36a2c6e82a04e829bd4060e843f05
  subpackages:
  - gocd
- name: github.com/sirupsen/logrus
  version: d682213848ed68c0a260ca37d6dd5ace8423f5ba
- name: golang.org/x/crypto
  version: 95a4943f35d008beabde8c11e5075a1b714e6419
  subpackages:
  - ssh/terminal
- name: golang.org/x/sys
  version: 83801418e1b59fb1880e363299581ee543af32ca
  subpackages:
  - unix
  - windows
- name: gopkg.in/yaml.v2
  version: 287cf08546ab5e7e37d55a84f7ed3fd1db036de5
testImports:
- name: github.com/goreleaser/goreleaser
  version: 6edda25b71ef38158dff9394ff5b97e28fadbedd
  subpackages:
  - assert
