hash: cda3b9b76a4963ea17a6d17f863e6f676e835d87294901747236f3564f67e07f
updated: 2017-09-12T08:06:20.881382216+01:00
imports:
- name: github.com/drewsonne/go-gocd
  version: 4e4c52ddeec3906c5f2296d040bc9e191bfbd3df
  subpackages:
  - gocd
- name: github.com/pkg/errors
  version: 645ef00459ed84a119197bfb8d8205042c6df63d
- name: gopkg.in/yaml.v2
  version: eb3733d160e74a9c7e442f435eb3bea458e1d19f
testImports:
- name: github.com/goreleaser/goreleaser
  version: 272bd93a31d45a4fc41f6dca3a0776dae39325d1
  subpackages:
  - assert
